// !$*UTF8*$!
{
	archiveVersion = 1;
	classes = {
	};
	objectVersion = 46;
	objects = {

/* Begin PBXBuildFile section */
		8C2F543F1C96BF280026905A /* Minecraft.ttf in Resources */ = {isa = PBXBuildFile; fileRef = 8C2F543E1C96BF280026905A /* Minecraft.ttf */; };
		8CAF99E21C8F7E2E005BF253 /* AppDelegate.swift in Sources */ = {isa = PBXBuildFile; fileRef = 8CAF99E11C8F7E2E005BF253 /* AppDelegate.swift */; };
		8CAF99E41C8F7E2E005BF253 /* ViewController.swift in Sources */ = {isa = PBXBuildFile; fileRef = 8CAF99E31C8F7E2E005BF253 /* ViewController.swift */; };
		8CAF99E71C8F7E2E005BF253 /* Main.storyboard in Resources */ = {isa = PBXBuildFile; fileRef = 8CAF99E51C8F7E2E005BF253 /* Main.storyboard */; };
		8CAF99E91C8F7E2E005BF253 /* Assets.xcassets in Resources */ = {isa = PBXBuildFile; fileRef = 8CAF99E81C8F7E2E005BF253 /* Assets.xcassets */; };
		8CAF99EC1C8F7E2E005BF253 /* LaunchScreen.storyboard in Resources */ = {isa = PBXBuildFile; fileRef = 8CAF99EA1C8F7E2E005BF253 /* LaunchScreen.storyboard */; };
		8CAF99F41C90C0C7005BF253 /* Character.swift in Sources */ = {isa = PBXBuildFile; fileRef = 8CAF99F31C90C0C7005BF253 /* Character.swift */; };
		8CAFBAC01C9AB007006C9A71 /* Player.swift in Sources */ = {isa = PBXBuildFile; fileRef = 8CAFBABF1C9AB007006C9A71 /* Player.swift */; };
		8CC382791C9E07F400597C66 /* Sky Portal.mp3 in Resources */ = {isa = PBXBuildFile; fileRef = 8CC382781C9E07F400597C66 /* Sky Portal.mp3 */; };
/* End PBXBuildFile section */

/* Begin PBXFileReference section */
		8C2F543E1C96BF280026905A /* Minecraft.ttf */ = {isa = PBXFileReference; lastKnownFileType = file; path = Minecraft.ttf; sourceTree = "<group>"; };
		8CAF99DE1C8F7E2E005BF253 /* oop_exercise.app */ = {isa = PBXFileReference; explicitFileType = wrapper.application; includeInIndex = 0; path = oop_exercise.app; sourceTree = BUILT_PRODUCTS_DIR; };
		8CAF99E11C8F7E2E005BF253 /* AppDelegate.swift */ = {isa = PBXFileReference; lastKnownFileType = sourcecode.swift; path = AppDelegate.swift; sourceTree = "<group>"; };
		8CAF99E31C8F7E2E005BF253 /* ViewController.swift */ = {isa = PBXFileReference; lastKnownFileType = sourcecode.swift; path = ViewController.swift; sourceTree = "<group>"; };
		8CAF99E61C8F7E2E005BF253 /* Base */ = {isa = PBXFileReference; lastKnownFileType = file.storyboard; name = Base; path = Base.lproj/Main.storyboard; sourceTree = "<group>"; };
		8CAF99E81C8F7E2E005BF253 /* Assets.xcassets */ = {isa = PBXFileReference; lastKnownFileType = folder.assetcatalog; path = Assets.xcassets; sourceTree = "<group>"; };
		8CAF99EB1C8F7E2E005BF253 /* Base */ = {isa = PBXFileReference; lastKnownFileType = file.storyboard; name = Base; path = Base.lproj/LaunchScreen.storyboard; sourceTree = "<group>"; };
		8CAF99ED1C8F7E2E005BF253 /* Info.plist */ = {isa = PBXFileReference; lastKnownFileType = text.plist.xml; path = Info.plist; sourceTree = "<group>"; };
		8CAF99F31C90C0C7005BF253 /* Character.swift */ = {isa = PBXFileReference; fileEncoding = 4; lastKnownFileType = sourcecode.swift; path = Character.swift; sourceTree = "<group>"; };
		8CAFBABF1C9AB007006C9A71 /* Player.swift */ = {isa = PBXFileReference; fileEncoding = 4; lastKnownFileType = sourcecode.swift; path = Player.swift; sourceTree = "<group>"; };
		8CC382781C9E07F400597C66 /* Sky Portal.mp3 */ = {isa = PBXFileReference; lastKnownFileType = audio.mp3; path = "Sky Portal.mp3"; sourceTree = "<group>"; };
/* End PBXFileReference section */

/* Begin PBXFrameworksBuildPhase section */
		8CAF99DB1C8F7E2E005BF253 /* Frameworks */ = {
			isa = PBXFrameworksBuildPhase;
			buildActionMask = 2147483647;
			files = (
			);
			runOnlyForDeploymentPostprocessing = 0;
		};
/* End PBXFrameworksBuildPhase section */

/* Begin PBXGroup section */
		8CAF99D51C8F7E2E005BF253 = {
			isa = PBXGroup;
			children = (
				8CAF99E01C8F7E2E005BF253 /* oop_exercise */,
				8CAF99DF1C8F7E2E005BF253 /* Products */,
			);
			sourceTree = "<group>";
		};
		8CAF99DF1C8F7E2E005BF253 /* Products */ = {
			isa = PBXGroup;
			children = (
				8CAF99DE1C8F7E2E005BF253 /* oop_exercise.app */,
			);
			name = Products;
			sourceTree = "<group>";
		};
		8CAF99E01C8F7E2E005BF253 /* oop_exercise */ = {
			isa = PBXGroup;
			children = (
				8CC382781C9E07F400597C66 /* Sky Portal.mp3 */,
				8C2F543E1C96BF280026905A /* Minecraft.ttf */,
				8CAF99E11C8F7E2E005BF253 /* AppDelegate.swift */,
				8CAF99E31C8F7E2E005BF253 /* ViewController.swift */,
				8CAF99E51C8F7E2E005BF253 /* Main.storyboard */,
				8CAF99E81C8F7E2E005BF253 /* Assets.xcassets */,
				8CAF99F31C90C0C7005BF253 /* Character.swift */,
				8CAF99EA1C8F7E2E005BF253 /* LaunchScreen.storyboard */,
				8CAF99ED1C8F7E2E005BF253 /* Info.plist */,
				8CAFBABF1C9AB007006C9A71 /* Player.swift */,
			);
			path = oop_exercise;
			sourceTree = "<group>";
		};
/* End PBXGroup section */

/* Begin PBXNativeTarget section */
		8CAF99DD1C8F7E2E005BF253 /* oop_exercise */ = {
			isa = PBXNativeTarget;
			buildConfigurationList = 8CAF99F01C8F7E2E005BF253 /* Build configuration list for PBXNativeTarget "oop_exercise" */;
			buildPhases = (
				8CAF99DA1C8F7E2E005BF253 /* Sources */,
				8CAF99DB1C8F7E2E005BF253 /* Frameworks */,
				8CAF99DC1C8F7E2E005BF253 /* Resources */,
			);
			buildRules = (
			);
			dependencies = (
			);
			name = oop_exercise;
			productName = oop_exercise;
			productReference = 8CAF99DE1C8F7E2E005BF253 /* oop_exercise.app */;
			productType = "com.apple.product-type.application";
		};
/* End PBXNativeTarget section */

/* Begin PBXProject section */
		8CAF99D61C8F7E2E005BF253 /* Project object */ = {
			isa = PBXProject;
			attributes = {
				LastSwiftUpdateCheck = 0720;
				LastUpgradeCheck = 0720;
				ORGANIZATIONNAME = mosby;
				TargetAttributes = {
					8CAF99DD1C8F7E2E005BF253 = {
						CreatedOnToolsVersion = 7.2.1;
					};
				};
			};
			buildConfigurationList = 8CAF99D91C8F7E2E005BF253 /* Build configuration list for PBXProject "oop_exercise" */;
			compatibilityVersion = "Xcode 3.2";
			developmentRegion = English;
			hasScannedForEncodings = 0;
			knownRegions = (
				en,
				Base,
			);
			mainGroup = 8CAF99D51C8F7E2E005BF253;
			productRefGroup = 8CAF99DF1C8F7E2E005BF253 /* Products */;
			projectDirPath = "";
			projectRoot = "";
			targets = (
				8CAF99DD1C8F7E2E005BF253 /* oop_exercise */,
			);
		};
/* End PBXProject section */

/* Begin PBXResourcesBuildPhase section */
		8CAF99DC1C8F7E2E005BF253 /* Resources */ = {
			isa = PBXResourcesBuildPhase;
			buildActionMask = 2147483647;
			files = (
				8CC382791C9E07F400597C66 /* Sky Portal.mp3 in Resources */,
				8CAF99EC1C8F7E2E005BF253 /* LaunchScreen.storyboard in Resources */,
				8CAF99E91C8F7E2E005BF253 /* Assets.xcassets in Resources */,
				8C2F543F1C96BF280026905A /* Minecraft.ttf in Resources */,
				8CAF99E71C8F7E2E005BF253 /* Main.storyboard in Resources */,
			);
			runOnlyForDeploymentPostprocessing = 0;
		};
/* End PBXResourcesBuildPhase section */

/* Begin PBXSourcesBuildPhase section */
		8CAF99DA1C8F7E2E005BF253 /* Sources */ = {
			isa = PBXSourcesBuildPhase;
			buildActionMask = 2147483647;
			files = (
				8CAFBAC01C9AB007006C9A71 /* Player.swift in Sources */,
				8CAF99F41C90C0C7005BF253 /* Character.swift in Sources */,
				8CAF99E41C8F7E2E005BF253 /* ViewController.swift in Sources */,
				8CAF99E21C8F7E2E005BF253 /* AppDelegate.swift in Sources */,
			);
			runOnlyForDeploymentPostprocessing = 0;
		};
/* End PBXSourcesBuildPhase section */

/* Begin PBXVariantGroup section */
		8CAF99E51C8F7E2E005BF253 /* Main.storyboard */ = {
			isa = PBXVariantGroup;
			children = (
				8CAF99E61C8F7E2E005BF253 /* Base */,
			);
			name = Main.storyboard;
			sourceTree = "<group>";
		};
		8CAF99EA1C8F7E2E005BF253 /* LaunchScreen.storyboard */ = {
			isa = PBXVariantGroup;
			children = (
				8CAF99EB1C8F7E2E005BF253 /* Base */,
			);
			name = LaunchScreen.storyboard;
			sourceTree = "<group>";
		};
/* End PBXVariantGroup section */

/* Begin XCBuildConfiguration section */
		8CAF99EE1C8F7E2E005BF253 /* Debug */ = {
			isa = XCBuildConfiguration;
			buildSettings = {
				ALWAYS_SEARCH_USER_PATHS = NO;
				CLANG_CXX_LANGUAGE_STANDARD = "gnu++0x";
				CLANG_CXX_LIBRARY = "libc++";
				CLANG_ENABLE_MODULES = YES;
				CLANG_ENABLE_OBJC_ARC = YES;
				CLANG_WARN_BOOL_CONVERSION = YES;
				CLANG_WARN_CONSTANT_CONVERSION = YES;
				CLANG_WARN_DIRECT_OBJC_ISA_USAGE = YES_ERROR;
				CLANG_WARN_EMPTY_BODY = YES;
				CLANG_WARN_ENUM_CONVERSION = YES;
				CLANG_WARN_INT_CONVERSION = YES;
				CLANG_WARN_OBJC_ROOT_CLASS = YES_ERROR;
				CLANG_WARN_UNREACHABLE_CODE = YES;
				CLANG_WARN__DUPLICATE_METHOD_MATCH = YES;
				"CODE_SIGN_IDENTITY[sdk=iphoneos*]" = "iPhone Developer";
				COPY_PHASE_STRIP = NO;
				DEBUG_INFORMATION_FORMAT = dwarf;
				ENABLE_STRICT_OBJC_MSGSEND = YES;
				ENABLE_TESTABILITY = YES;
				GCC_C_LANGUAGE_STANDARD = gnu99;
				GCC_DYNAMIC_NO_PIC = NO;
				GCC_NO_COMMON_BLOCKS = YES;
				GCC_OPTIMIZATION_LEVEL = 0;
				GCC_PREPROCESSOR_DEFINITIONS = (
					"DEBUG=1",
					"$(inherited)",
				);
				GCC_WARN_64_TO_32_BIT_CONVERSION = YES;
				GCC_WARN_ABOUT_RETURN_TYPE = YES_ERROR;
				GCC_WARN_UNDECLARED_SELECTOR = YES;
				GCC_WARN_UNINITIALIZED_AUTOS = YES_AGGRESSIVE;
				GCC_WARN_UNUSED_FUNCTION = YES;
				GCC_WARN_UNUSED_VARIABLE = YES;
				IPHONEOS_DEPLOYMENT_TARGET = 9.2;
				MTL_ENABLE_DEBUG_INFO = YES;
				ONLY_ACTIVE_ARCH = YES;
				SDKROOT = iphoneos;
				SWIFT_OPTIMIZATION_LEVEL = "-Onone";
				TARGETED_DEVICE_FAMILY = "1,2";
			};
			name = Debug;
		};
		8CAF99EF1C8F7E2E005BF253 /* Release */ = {
			isa = XCBuildConfiguration;
			buildSettings = {
				ALWAYS_SEARCH_USER_PATHS = NO;
				CLANG_CXX_LANGUAGE_STANDARD = "gnu++0x";
				CLANG_CXX_LIBRARY = "libc++";
				CLANG_ENABLE_MODULES = YES;
				CLANG_ENABLE_OBJC_ARC = YES;
				CLANG_WARN_BOOL_CONVERSION = YES;
				CLANG_WARN_CONSTANT_CONVERSION = YES;
				CLANG_WARN_DIRECT_OBJC_ISA_USAGE = YES_ERROR;
				CLANG_WARN_EMPTY_BODY = YES;
				CLANG_WARN_ENUM_CONVERSION = YES;
				CLANG_WARN_INT_CONVERSION = YES;
				CLANG_WARN_OBJC_ROOT_CLASS = YES_ERROR;
				CLANG_WARN_UNREACHABLE_CODE = YES;
				CLANG_WARN__DUPLICATE_METHOD_MATCH = YES;
				"CODE_SIGN_IDENTITY[sdk=iphoneos*]" = "iPhone Developer";
				COPY_PHASE_STRIP = NO;
				DEBUG_INFORMATION_FORMAT = "dwarf-with-dsym";
				ENABLE_NS_ASSERTIONS = NO;
				ENABLE_STRICT_OBJC_MSGSEND = YES;
				GCC_C_LANGUAGE_STANDARD = gnu99;
				GCC_NO_COMMON_BLOCKS = YES;
				GCC_WARN_64_TO_32_BIT_CONVERSION = YES;
				GCC_WARN_ABOUT_RETURN_TYPE = YES_ERROR;
				GCC_WARN_UNDECLARED_SELECTOR = YES;
				GCC_WARN_UNINITIALIZED_AUTOS = YES_AGGRESSIVE;
				GCC_WARN_UNUSED_FUNCTION = YES;
				GCC_WARN_UNUSED_VARIABLE = YES;
				IPHONEOS_DEPLOYMENT_TARGET = 9.2;
				MTL_ENABLE_DEBUG_INFO = NO;
				SDKROOT = iphoneos;
				TARGETED_DEVICE_FAMILY = "1,2";
				VALIDATE_PRODUCT = YES;
			};
			name = Release;
		};
		8CAF99F11C8F7E2E005BF253 /* Debug */ = {
			isa = XCBuildConfiguration;
			buildSettings = {
				ASSETCATALOG_COMPILER_APPICON_NAME = AppIcon;
				INFOPLIST_FILE = oop_exercise/Info.plist;
				LD_RUNPATH_SEARCH_PATHS = "$(inherited) @executable_path/Frameworks";
				PRODUCT_BUNDLE_IDENTIFIER = "com.mosby.oop-exercise";
				PRODUCT_NAME = "$(TARGET_NAME)";
			};
			name = Debug;
		};
		8CAF99F21C8F7E2E005BF253 /* Release */ = {
			isa = XCBuildConfiguration;
			buildSettings = {
				ASSETCATALOG_COMPILER_APPICON_NAME = AppIcon;
				INFOPLIST_FILE = oop_exercise/Info.plist;
				LD_RUNPATH_SEARCH_PATHS = "$(inherited) @executable_path/Frameworks";
				PRODUCT_BUNDLE_IDENTIFIER = "com.mosby.oop-exercise";
				PRODUCT_NAME = "$(TARGET_NAME)";
			};
			name = Release;
		};
/* End XCBuildConfiguration section */

/* Begin XCConfigurationList section */
		8CAF99D91C8F7E2E005BF253 /* Build configuration list for PBXProject "oop_exercise" */ = {
			isa = XCConfigurationList;
			buildConfigurations = (
				8CAF99EE1C8F7E2E005BF253 /* Debug */,
				8CAF99EF1C8F7E2E005BF253 /* Release */,
			);
			defaultConfigurationIsVisible = 0;
			defaultConfigurationName = Release;
		};
		8CAF99F01C8F7E2E005BF253 /* Build configuration list for PBXNativeTarget "oop_exercise" */ = {
			isa = XCConfigurationList;
			buildConfigurations = (
				8CAF99F11C8F7E2E005BF253 /* Debug */,
				8CAF99F21C8F7E2E005BF253 /* Release */,
			);
			defaultConfigurationIsVisible = 0;
			defaultConfigurationName = Release;
		};
/* End XCConfigurationList section */
	};
	rootObject = 8CAF99D61C8F7E2E005BF253 /* Project object */;
}
